
Microsoft Visual Studio Solution File, Format Version 12.00
Project("{FAE04EC0-301F-11D3-BF4B-00C04F79EFBC}") = "SmModStudio", "SmModStudio\SmModStudio.csproj", "{9F1AC210-6EDB-4647-AA81-72CF9C53715B}"
EndProject
Global
	GlobalSection(SolutionConfigurationPlatforms) = preSolution
		Debug|Any CPU = Debug|Any CPU
		Release|Any CPU = Release|Any CPU
	EndGlobalSection
	GlobalSection(ProjectConfigurationPlatforms) = postSolution
		{9F1AC210-6EDB-4647-AA81-72CF9C53715B}.Debug|Any CPU.ActiveCfg = Debug|Any CPU
		{9F1AC210-6EDB-4647-AA81-72CF9C53715B}.Debug|Any CPU.Build.0 = Debug|Any CPU
		{9F1AC210-6EDB-4647-AA81-72CF9C53715B}.Release|Any CPU.ActiveCfg = Release|Any CPU
		{9F1AC210-6EDB-4647-AA81-72CF9C53715B}.Release|Any CPU.Build.0 = Release|Any CPU
	EndGlobalSection
EndGlobal
